
Microsoft Visual Studio Solution File, Format Version 12.00
# Visual Studio 15
Project("{FAE04EC0-301F-11D3-BF4B-00C04F79EFBC}") = "Assembly-CSharp", "Assembly-CSharp.csproj", "{D6651638-B148-926A-E0B8-3F86DDA7D220}"
EndProject
Project("{FAE04EC0-301F-11D3-BF4B-00C04F79EFBC}") = "Assembly-CSharp-Editor", "Assembly-CSharp-Editor.csproj", "{71764EBB-1B9F-09ED-FA28-8FE5A65ACF1B}"
EndProject
Global
	GlobalSection(SolutionConfigurationPlatforms) = preSolution
		Debug|Any CPU = Debug|Any CPU
		Release|Any CPU = Release|Any CPU
	EndGlobalSection
	GlobalSection(ProjectConfigurationPlatforms) = postSolution
		{D6651638-B148-926A-E0B8-3F86DDA7D220}.Debug|Any CPU.ActiveCfg = Debug|Any CPU
		{D6651638-B148-926A-E0B8-3F86DDA7D220}.Debug|Any CPU.Build.0 = Debug|Any CPU
		{D6651638-B148-926A-E0B8-3F86DDA7D220}.Release|Any CPU.ActiveCfg = Release|Any CPU
		{D6651638-B148-926A-E0B8-3F86DDA7D220}.Release|Any CPU.Build.0 = Release|Any CPU
		{71764EBB-1B9F-09ED-FA28-8FE5A65ACF1B}.Debug|Any CPU.ActiveCfg = Debug|Any CPU
		{71764EBB-1B9F-09ED-FA28-8FE5A65ACF1B}.Debug|Any CPU.Build.0 = Debug|Any CPU
		{71764EBB-1B9F-09ED-FA28-8FE5A65ACF1B}.Release|Any CPU.ActiveCfg = Release|Any CPU
		{71764EBB-1B9F-09ED-FA28-8FE5A65ACF1B}.Release|Any CPU.Build.0 = Release|Any CPU
	EndGlobalSection
	GlobalSection(SolutionProperties) = preSolution
		HideSolutionNode = FALSE
	EndGlobalSection
EndGlobal
